
Microsoft Visual Studio Solution File, Format Version 12.00
# Visual Studio Version 17
VisualStudioVersion = 17.9.34728.123
MinimumVisualStudioVersion = 10.0.40219.1
Project("{9A19103F-16F7-4668-BE54-9A1E7A4F7556}") = "hello_world_api_ui", "hello_world_api_ui\hello_world_api_ui.csproj", "{F77FA628-B75A-40B4-ADD3-644B3D728815}"
EndProject
Project("{FAE04EC0-301F-11D3-BF4B-00C04F79EFBC}") = "HelloWebApi", "HelloWebApi\HelloWebApi.csproj", "{D2CC8004-FC08-4222-980C-8AF6DD3AC16F}"
EndProject
Global
	GlobalSection(SolutionConfigurationPlatforms) = preSolution
		Debug|Any CPU = Debug|Any CPU
		Release|Any CPU = Release|Any CPU
	EndGlobalSection
	GlobalSection(ProjectConfigurationPlatforms) = postSolution
		{F77FA628-B75A-40B4-ADD3-644B3D728815}.Debug|Any CPU.ActiveCfg = Debug|Any CPU
		{F77FA628-B75A-40B4-ADD3-644B3D728815}.Debug|Any CPU.Build.0 = Debug|Any CPU
		{F77FA628-B75A-40B4-ADD3-644B3D728815}.Release|Any CPU.ActiveCfg = Release|Any CPU
		{F77FA628-B75A-40B4-ADD3-644B3D728815}.Release|Any CPU.Build.0 = Release|Any CPU
		{D2CC8004-FC08-4222-980C-8AF6DD3AC16F}.Debug|Any CPU.ActiveCfg = Debug|Any CPU
		{D2CC8004-FC08-4222-980C-8AF6DD3AC16F}.Debug|Any CPU.Build.0 = Debug|Any CPU
		{D2CC8004-FC08-4222-980C-8AF6DD3AC16F}.Release|Any CPU.ActiveCfg = Release|Any CPU
		{D2CC8004-FC08-4222-980C-8AF6DD3AC16F}.Release|Any CPU.Build.0 = Release|Any CPU
	EndGlobalSection
	GlobalSection(SolutionProperties) = preSolution
		HideSolutionNode = FALSE
	EndGlobalSection
	GlobalSection(ExtensibilityGlobals) = postSolution
		SolutionGuid = {5C268F79-3F11-42C8-8951-E86F34595D88}
	EndGlobalSection
EndGlobal
